<?xml version="1.0" encoding="utf-8"?>
<Project ToolsVersion="4.0" xmlns="http://schemas.microsoft.com/developer/msbuild/2003">
  <!-- フィルタ -->
  <ItemGroup>
    <!-- ゲーム -->
    <Filter Include="Game">
      <UniqueIdentifier>{2cb470d3-39da-4469-8d29-3b4c1fc1127b}</UniqueIdentifier>
    </Filter>
    <!-- ライブラリ -->
    <Filter Include="Library">
      <UniqueIdentifier>{b3532405-f2dc-4ee1-af4d-61c8a636a7ae}</UniqueIdentifier>
    </Filter>
    <!-- 埋め込みリソース -->
    <Filter Include="EmbeddedResources">
      <UniqueIdentifier>{292890c5-e893-4930-b5be-f69a71f521d4}</UniqueIdentifier>
    </Filter>
    <Filter Include="EmbeddedResources\Icon">
      <UniqueIdentifier>{465c4a3b-3249-400b-a5dd-a9619b66ffc0}</UniqueIdentifier>
    </Filter>
    <!-- リソース -->
    <Filter Include="Resources">
      <UniqueIdentifier>{3138f214-865c-4403-a628-49fbb560444c}</UniqueIdentifier>
    </Filter>
    <Filter Include="Resources\Sounds">
      <UniqueIdentifier>{67809dd6-2240-434e-816d-b3aac7016e22}</UniqueIdentifier>
    </Filter>
    <Filter Include="Resources\Textures">
      <UniqueIdentifier>{48aa4fce-5282-4008-afd6-7bfddd934eb5}</UniqueIdentifier>
    </Filter>
    <Filter Include="Game\Class">
      <UniqueIdentifier>{7017ffc5-3f29-489f-801a-1f62310ea7c8}</UniqueIdentifier>
    </Filter>
    <Filter Include="Game\Class\Manager">
      <UniqueIdentifier>{8012498d-afb4-43a4-8ce6-9b9b711a2d0b}</UniqueIdentifier>
    </Filter>
    <Filter Include="Game\Class\Scene">
      <UniqueIdentifier>{c8020431-9973-401d-b377-207df105f507}</UniqueIdentifier>
    </Filter>
    <Filter Include="Game\Class\Scene\Play">
      <UniqueIdentifier>{0d0da7a0-d53c-493b-8c83-27f4dc294a7c}</UniqueIdentifier>
    </Filter>
    <Filter Include="Game\Class\Scene\Select">
      <UniqueIdentifier>{9a9dd106-fbb7-42d1-bc45-457b291bbcaf}</UniqueIdentifier>
    </Filter>
    <Filter Include="Game\Class\Scene\Title">
      <UniqueIdentifier>{7b5f0068-22eb-4174-a97e-fcb785fa08b4}</UniqueIdentifier>
    </Filter>
    <Filter Include="Game\GameObject">
      <UniqueIdentifier>{641b307d-ad1f-494d-a84b-40ba845e62c4}</UniqueIdentifier>
    </Filter>
    <Filter Include="Game\GameObject\Stage">
      <UniqueIdentifier>{3991c9d0-85ba-4301-96b9-c5051f31bb40}</UniqueIdentifier>
    </Filter>
    <Filter Include="Resources\MapDate">
      <UniqueIdentifier>{98a60b52-6590-40d7-a02c-5e72ced05faf}</UniqueIdentifier>
    </Filter>
    <Filter Include="Resources\Textures\Map_Chip">
      <UniqueIdentifier>{98c41834-f60d-4cbd-bbad-4d854e7ed31e}</UniqueIdentifier>
    </Filter>
    <Filter Include="Game\GameObject\Player">
      <UniqueIdentifier>{af3e54f0-5547-40a5-acf0-280ca1b80df8}</UniqueIdentifier>
    </Filter>
    <Filter Include="Resources\Textures\UFO">
      <UniqueIdentifier>{37b2c7ce-fdb6-410f-b974-8dc47c628307}</UniqueIdentifier>
    </Filter>
    <Filter Include="Resources\Textures\Item">
      <UniqueIdentifier>{9c1d59d1-4fdf-416d-81d3-0f0f28de0a0c}</UniqueIdentifier>
    </Filter>
    <Filter Include="Game\GameObject\Item">
      <UniqueIdentifier>{26c22596-2434-4d47-8ab1-036bc2f06922}</UniqueIdentifier>
    </Filter>
    <Filter Include="Resources\Textures\Background">
      <UniqueIdentifier>{c1be41c8-1e2b-4cd3-9fda-b6932d538d12}</UniqueIdentifier>
    </Filter>
    <Filter Include="Game\GameObject\Enemy">
      <UniqueIdentifier>{aa753c7f-c259-4964-b5a4-a8c2478b8172}</UniqueIdentifier>
    </Filter>
    <Filter Include="Resources\Textures\Enemy">
      <UniqueIdentifier>{82e3ec81-7719-4447-afa1-d9991fe24a16}</UniqueIdentifier>
    </Filter>
    <Filter Include="Game\Class\Effect">
      <UniqueIdentifier>{452fe834-0740-485c-a64b-aee869a07a51}</UniqueIdentifier>
    </Filter>
  </ItemGroup>
  <!-- ファイル -->
  <ItemGroup>
    <!-- プリコンパイル済みヘッダー -->
    <ClCompile Include="pch.cpp" />
    <ClInclude Include="pch.h" />
    <!-- メイン -->
    <ClCompile Include="WinMain.cpp" />
    <!-- ゲーム -->
    <ClCompile Include="Game\Game.cpp">
      <Filter>Game</Filter>
    </ClCompile>
    <ClInclude Include="Game\Game.h">
      <Filter>Game</Filter>
    </ClInclude>
    <ClInclude Include="Game\Screen.h">
      <Filter>Game</Filter>
    </ClInclude>
    <!-- ライブラリ -->
    <ClInclude Include="Library\DebugHelper.h">
      <Filter>Library</Filter>
    </ClInclude>
    <ClInclude Include="Library\GameLib.h">
      <Filter>Library</Filter>
    </ClInclude>
    <ClCompile Include="Library\GameLibTime.cpp">
      <Filter>Library</Filter>
    </ClCompile>
    <ClInclude Include="Library\GameLibTime.h">
      <Filter>Library</Filter>
    </ClInclude>
    <ClInclude Include="Library\MemoryLeakDetector.h">
      <Filter>Library</Filter>
    </ClInclude>
    <!-- 埋め込みリソース -->
    <ClInclude Include="EmbeddedResources\Resource.h">
      <Filter>EmbeddedResources</Filter>
    </ClInclude>
    <ResourceCompile Include="EmbeddedResources\Resource.rc">
      <Filter>EmbeddedResources</Filter>
    </ResourceCompile>
    <Image Include="EmbeddedResources\Icon\Game.ico">
      <Filter>EmbeddedResources\Icon</Filter>
    </Image>
    <!-- リソースファイル -->
    <None Include="Resources\Sounds\SE00.ogg">
      <Filter>Resources\Sounds</Filter>
    </None>
    <ClCompile Include="Game\Class\Scene\SceneChange.cpp">
      <Filter>Game\Class\Scene</Filter>
    </ClCompile>
    <ClCompile Include="Game\Class\Manager\SceneManager.cpp">
      <Filter>Game\Class\Manager</Filter>
    </ClCompile>
    <ClCompile Include="Game\Class\Scene\TitleScene.cpp">
      <Filter>Game\Class\Scene\Title</Filter>
    </ClCompile>
    <ClCompile Include="Game\Class\Scene\SelectScene.cpp">
      <Filter>Game\Class\Scene\Select</Filter>
    </ClCompile>
    <ClCompile Include="Game\Class\Scene\PlayScene.cpp">
      <Filter>Game\Class\Scene\Play</Filter>
    </ClCompile>
    <ClCompile Include="Game\GameObject\Stage.cpp">
      <Filter>Game\GameObject\Stage</Filter>
    </ClCompile>
    <ClCompile Include="Game\Class\Manager\GhManager.cpp">
      <Filter>Game\Class\Manager</Filter>
    </ClCompile>
    <ClCompile Include="Game\Class\Manager\InputManager.cpp">
      <Filter>Game\Class\Manager</Filter>
    </ClCompile>
    <ClCompile Include="Game\GameObject\Player.cpp">
      <Filter>Game\GameObject\Player</Filter>
    </ClCompile>
    <ClCompile Include="Game\GameObject\House.cpp">
      <Filter>Game\GameObject</Filter>
    </ClCompile>
    <ClCompile Include="Game\GameObject\Item_Food.cpp">
      <Filter>Game\GameObject\Item</Filter>
    </ClCompile>
    <ClCompile Include="Game\GameObject\Enemy.cpp">
      <Filter>Game\GameObject\Enemy</Filter>
    </ClCompile>
    <ClCompile Include="Game\GameObject\Item_Bomb.cpp">
      <Filter>Game\GameObject\Item</Filter>
    </ClCompile>
    <ClCompile Include="Game\Class\Effect\Explosion.cpp">
      <Filter>Game\Class\Effect</Filter>
    </ClCompile>
    <ClCompile Include="Game\GameObject\Enemy2.cpp">
      <Filter>Game\GameObject\Enemy</Filter>
    </ClCompile>
    <ClCompile Include="Game\GameObject\Enemy3.cpp">
      <Filter>Game\GameObject\Enemy</Filter>
    </ClCompile>
  </ItemGroup>
  <ItemGroup>
    <None Include="packages.config" />
    <None Include="Resources\MapData\stage_01.csv">
      <Filter>Resources\MapDate</Filter>
    </None>
    <None Include="Resources\MapData\stage_02.csv">
      <Filter>Resources\MapDate</Filter>
    </None>
    <None Include="Resources\MapData\stage_03.csv">
      <Filter>Resources\MapDate</Filter>
    </None>
  </ItemGroup>
  <ItemGroup>
    <ClInclude Include="Library\GameMath.h">
      <Filter>Library</Filter>
    </ClInclude>
    <ClInclude Include="Game\GameContext.h">
      <Filter>Game</Filter>
    </ClInclude>
    <ClInclude Include="Game\Class\Scene\SceneChange.h">
      <Filter>Game\Class\Scene</Filter>
    </ClInclude>
    <ClInclude Include="Game\Class\Manager\SceneManager.h">
      <Filter>Game\Class\Manager</Filter>
    </ClInclude>
    <ClInclude Include="Game\Class\Scene\TitleScene.h">
      <Filter>Game\Class\Scene\Title</Filter>
    </ClInclude>
    <ClInclude Include="Game\Class\Scene\SelectScene.h">
      <Filter>Game\Class\Scene\Select</Filter>
    </ClInclude>
    <ClInclude Include="Game\Class\Scene\PlayScene.h">
      <Filter>Game\Class\Scene\Play</Filter>
    </ClInclude>
    <ClInclude Include="Game\GameObject\Stage.h">
      <Filter>Game\GameObject\Stage</Filter>
    </ClInclude>
    <ClInclude Include="Game\Class\Manager\GhManager.h">
      <Filter>Game\Class\Manager</Filter>
    </ClInclude>
    <ClInclude Include="Game\Class\Manager\InputManager.h">
      <Filter>Game\Class\Manager</Filter>
    </ClInclude>
    <ClInclude Include="Game\GameObject\Player.h">
      <Filter>Game\GameObject\Player</Filter>
    </ClInclude>
    <ClInclude Include="Game\GameObject\House.h">
      <Filter>Game\GameObject</Filter>
    </ClInclude>
    <ClInclude Include="Game\GameObject\Item_Food.h">
      <Filter>Game\GameObject\Item</Filter>
    </ClInclude>
    <ClInclude Include="Game\GameObject\Enemy.h">
      <Filter>Game\GameObject\Enemy</Filter>
    </ClInclude>
    <ClInclude Include="Game\GameObject\Item_Bomb.h">
      <Filter>Game\GameObject\Item</Filter>
    </ClInclude>
    <ClInclude Include="Game\Class\Effect\Explosion.h">
      <Filter>Game\Class\Effect</Filter>
    </ClInclude>
    <ClInclude Include="Game\GameObject\Enemy2.h">
      <Filter>Game\GameObject\Enemy</Filter>
    </ClInclude>
    <ClInclude Include="Game\GameObject\Enemy3.h">
      <Filter>Game\GameObject\Enemy</Filter>
    </ClInclude>
  </ItemGroup>
  <ItemGroup>
    <Image Include="Resources\Textures\UFO_Bass.png">
      <Filter>Resources\Textures\UFO</Filter>
    </Image>
    <Image Include="Resources\Textures\UFO_Damage_Overlay.png">
      <Filter>Resources\Textures\UFO</Filter>
    </Image>
    <Image Include="Resources\Textures\UFO_Orange_Left.png">
      <Filter>Resources\Textures\UFO</Filter>
    </Image>
    <Image Include="Resources\Textures\UFO_Orange_Middle.png">
      <Filter>Resources\Textures\UFO</Filter>
    </Image>
    <Image Include="Resources\Textures\UFO_Orange_Right.png">
      <Filter>Resources\Textures\UFO</Filter>
    </Image>
    <Image Include="Resources\Textures\UFO_Orange_All.png">
      <Filter>Resources\Textures\UFO</Filter>
    </Image>
    <Image Include="Resources\Textures\Item_Food_1.png">
      <Filter>Resources\Textures\Item</Filter>
    </Image>
    <Image Include="Resources\Textures\House.png">
      <Filter>Resources\Textures</Filter>
    </Image>
    <Image Include="Resources\Textures\Item_Food_2.png">
      <Filter>Resources\Textures\Item</Filter>
    </Image>
    <Image Include="Resources\Textures\Background_1.png">
      <Filter>Resources\Textures\Background</Filter>
    </Image>
    <Image Include="Resources\Textures\Item_Food_3.png">
      <Filter>Resources\Textures\Item</Filter>
    </Image>
    <Image Include="Resources\Textures\Item_Food_4.png">
      <Filter>Resources\Textures\Item</Filter>
    </Image>
    <Image Include="Resources\Textures\Item_Food_5.png">
      <Filter>Resources\Textures\Item</Filter>
    </Image>
    <Image Include="Resources\Textures\Enemy_1.png">
      <Filter>Resources\Textures\Enemy</Filter>
    </Image>
    <Image Include="Resources\Textures\Wall.png">
      <Filter>Resources\Textures\Map_Chip</Filter>
    </Image>
    <Image Include="Resources\Textures\Item_Bomb.png">
      <Filter>Resources\Textures\Item</Filter>
    </Image>
    <Image Include="Resources\Textures\Explosion.png">
      <Filter>Resources\Textures</Filter>
    </Image>
    <Image Include="Resources\Textures\Enemy_2.png">
      <Filter>Resources\Textures\Enemy</Filter>
    </Image>
    <Image Include="Resources\Textures\Enemy_3.png">
      <Filter>Resources\Textures\Enemy</Filter>
    </Image>
  </ItemGroup>
</Project>